
Microsoft Visual Studio Solution File, Format Version 12.00
# Visual Studio Version 16
VisualStudioVersion = 16.0.28729.10
MinimumVisualStudioVersion = 10.0.40219.1
Project("{2150E333-8FDC-42A3-9474-1A3956D46DE8}") = "Solution Items", "Solution Items", "{404C6C33-DB00-4182-BD90-F10A8B17C321}"
	ProjectSection(SolutionItems) = preProject
		testauthenvironment.json = testauthenvironment.json
	EndProjectSection
EndProject
Project("{9A19103F-16F7-4668-BE54-9A1E7A4F7556}") = "Microsoft.Health.Dicom.Web", "src\Microsoft.Health.Dicom.Web\Microsoft.Health.Dicom.Web.csproj", "{BFB96311-9B1A-41C1-ABF1-4F6522660084}"
EndProject
Project("{2150E333-8FDC-42A3-9474-1A3956D46DE8}") = "test", "test", "{8C9A0050-5D22-4398-9F93-DDCD80B3BA51}"
EndProject
Project("{9A19103F-16F7-4668-BE54-9A1E7A4F7556}") = "Microsoft.Health.Dicom.Web.Tests.E2E", "test\Microsoft.Health.Dicom.Web.Tests.E2E\Microsoft.Health.Dicom.Web.Tests.E2E.csproj", "{1D0ECFDA-2AF2-4796-995D-A7C6E18C9CD1}"
EndProject
Project("{2150E333-8FDC-42A3-9474-1A3956D46DE8}") = "src", "src", "{176641B3-297C-4E04-A83D-8F80F80485E8}"
EndProject
Project("{9A19103F-16F7-4668-BE54-9A1E7A4F7556}") = "Microsoft.Health.Blob", "src\Microsoft.Health.Blob\Microsoft.Health.Blob.csproj", "{7DBF0671-18D7-4EC2-A0B0-05AA97D73DDE}"
EndProject
Project("{9A19103F-16F7-4668-BE54-9A1E7A4F7556}") = "Microsoft.Health.Dicom.Blob", "src\Microsoft.Health.Dicom.Blob\Microsoft.Health.Dicom.Blob.csproj", "{1FFFABFB-B30A-4AB8-8193-67016B1C5276}"
EndProject
Project("{9A19103F-16F7-4668-BE54-9A1E7A4F7556}") = "Microsoft.Health.Blob.UnitTests", "src\Microsoft.Health.Blob.UnitTests\Microsoft.Health.Blob.UnitTests.csproj", "{875E8062-FF09-42BB-8244-8C6145C95E5B}"
EndProject
Project("{FAE04EC0-301F-11D3-BF4B-00C04F79EFBC}") = "Microsoft.Health.Dicom.Tests.Integration", "test\Microsoft.Health.Dicom.Tests.Integration\Microsoft.Health.Dicom.Tests.Integration.csproj", "{DFB41ECC-726C-4DBA-8AD3-17FB0A2546CA}"
EndProject
Global
	GlobalSection(SolutionConfigurationPlatforms) = preSolution
		Debug|Any CPU = Debug|Any CPU
		Release|Any CPU = Release|Any CPU
	EndGlobalSection
	GlobalSection(ProjectConfigurationPlatforms) = postSolution
		{BFB96311-9B1A-41C1-ABF1-4F6522660084}.Debug|Any CPU.ActiveCfg = Debug|Any CPU
		{BFB96311-9B1A-41C1-ABF1-4F6522660084}.Debug|Any CPU.Build.0 = Debug|Any CPU
		{BFB96311-9B1A-41C1-ABF1-4F6522660084}.Release|Any CPU.ActiveCfg = Release|Any CPU
		{BFB96311-9B1A-41C1-ABF1-4F6522660084}.Release|Any CPU.Build.0 = Release|Any CPU
		{1D0ECFDA-2AF2-4796-995D-A7C6E18C9CD1}.Debug|Any CPU.ActiveCfg = Debug|Any CPU
		{1D0ECFDA-2AF2-4796-995D-A7C6E18C9CD1}.Debug|Any CPU.Build.0 = Debug|Any CPU
		{1D0ECFDA-2AF2-4796-995D-A7C6E18C9CD1}.Release|Any CPU.ActiveCfg = Release|Any CPU
		{1D0ECFDA-2AF2-4796-995D-A7C6E18C9CD1}.Release|Any CPU.Build.0 = Release|Any CPU
		{7DBF0671-18D7-4EC2-A0B0-05AA97D73DDE}.Debug|Any CPU.ActiveCfg = Debug|Any CPU
		{7DBF0671-18D7-4EC2-A0B0-05AA97D73DDE}.Debug|Any CPU.Build.0 = Debug|Any CPU
		{7DBF0671-18D7-4EC2-A0B0-05AA97D73DDE}.Release|Any CPU.ActiveCfg = Release|Any CPU
		{7DBF0671-18D7-4EC2-A0B0-05AA97D73DDE}.Release|Any CPU.Build.0 = Release|Any CPU
		{1FFFABFB-B30A-4AB8-8193-67016B1C5276}.Debug|Any CPU.ActiveCfg = Debug|Any CPU
		{1FFFABFB-B30A-4AB8-8193-67016B1C5276}.Debug|Any CPU.Build.0 = Debug|Any CPU
		{1FFFABFB-B30A-4AB8-8193-67016B1C5276}.Release|Any CPU.ActiveCfg = Release|Any CPU
		{1FFFABFB-B30A-4AB8-8193-67016B1C5276}.Release|Any CPU.Build.0 = Release|Any CPU
		{875E8062-FF09-42BB-8244-8C6145C95E5B}.Debug|Any CPU.ActiveCfg = Debug|Any CPU
		{875E8062-FF09-42BB-8244-8C6145C95E5B}.Debug|Any CPU.Build.0 = Debug|Any CPU
		{875E8062-FF09-42BB-8244-8C6145C95E5B}.Release|Any CPU.ActiveCfg = Release|Any CPU
		{875E8062-FF09-42BB-8244-8C6145C95E5B}.Release|Any CPU.Build.0 = Release|Any CPU
		{DFB41ECC-726C-4DBA-8AD3-17FB0A2546CA}.Debug|Any CPU.ActiveCfg = Debug|Any CPU
		{DFB41ECC-726C-4DBA-8AD3-17FB0A2546CA}.Debug|Any CPU.Build.0 = Debug|Any CPU
		{DFB41ECC-726C-4DBA-8AD3-17FB0A2546CA}.Release|Any CPU.ActiveCfg = Release|Any CPU
		{DFB41ECC-726C-4DBA-8AD3-17FB0A2546CA}.Release|Any CPU.Build.0 = Release|Any CPU
	EndGlobalSection
	GlobalSection(SolutionProperties) = preSolution
		HideSolutionNode = FALSE
	EndGlobalSection
	GlobalSection(NestedProjects) = preSolution
		{BFB96311-9B1A-41C1-ABF1-4F6522660084} = {176641B3-297C-4E04-A83D-8F80F80485E8}
		{1D0ECFDA-2AF2-4796-995D-A7C6E18C9CD1} = {8C9A0050-5D22-4398-9F93-DDCD80B3BA51}
		{7DBF0671-18D7-4EC2-A0B0-05AA97D73DDE} = {176641B3-297C-4E04-A83D-8F80F80485E8}
		{1FFFABFB-B30A-4AB8-8193-67016B1C5276} = {176641B3-297C-4E04-A83D-8F80F80485E8}
		{875E8062-FF09-42BB-8244-8C6145C95E5B} = {176641B3-297C-4E04-A83D-8F80F80485E8}
		{DFB41ECC-726C-4DBA-8AD3-17FB0A2546CA} = {8C9A0050-5D22-4398-9F93-DDCD80B3BA51}
	EndGlobalSection
	GlobalSection(ExtensibilityGlobals) = postSolution
		SolutionGuid = {E370FB31-CF95-47D1-B1E1-863A77973FF8}
		RESX_SortFileContentOnSave = True
	EndGlobalSection
EndGlobal
