
Microsoft Visual Studio Solution File, Format Version 12.00
# Visual Studio Version 16
VisualStudioVersion = 16.0.28729.10
MinimumVisualStudioVersion = 10.0.40219.1
Project("{2150E333-8FDC-42A3-9474-1A3956D46DE8}") = "Solution Items", "Solution Items", "{404C6C33-DB00-4182-BD90-F10A8B17C321}"
	ProjectSection(SolutionItems) = preProject
		testauthenvironment.json = testauthenvironment.json
	EndProjectSection
EndProject
Project("{FAE04EC0-301F-11D3-BF4B-00C04F79EFBC}") = "Microsoft.Health.Dicom.Web", "src\Microsoft.Health.Dicom.Web\Microsoft.Health.Dicom.Web.csproj", "{BFB96311-9B1A-41C1-ABF1-4F6522660084}"
EndProject
Global
	GlobalSection(SolutionConfigurationPlatforms) = preSolution
		Debug|Any CPU = Debug|Any CPU
		Release|Any CPU = Release|Any CPU
	EndGlobalSection
	GlobalSection(ProjectConfigurationPlatforms) = postSolution
		{BFB96311-9B1A-41C1-ABF1-4F6522660084}.Debug|Any CPU.ActiveCfg = Debug|Any CPU
		{BFB96311-9B1A-41C1-ABF1-4F6522660084}.Debug|Any CPU.Build.0 = Debug|Any CPU
		{BFB96311-9B1A-41C1-ABF1-4F6522660084}.Release|Any CPU.ActiveCfg = Release|Any CPU
		{BFB96311-9B1A-41C1-ABF1-4F6522660084}.Release|Any CPU.Build.0 = Release|Any CPU
	EndGlobalSection
	GlobalSection(SolutionProperties) = preSolution
		HideSolutionNode = FALSE
	EndGlobalSection
	GlobalSection(ExtensibilityGlobals) = postSolution
		SolutionGuid = {E370FB31-CF95-47D1-B1E1-863A77973FF8}
		RESX_SortFileContentOnSave = True
	EndGlobalSection
EndGlobal
