Microsoft Visual Studio Solution File, Format Version 12.00
# Visual Studio Version 17
VisualStudioVersion = 17.2.32414.248
MinimumVisualStudioVersion = 10.0.40219.1
Project("{9A19103F-16F7-4668-BE54-9A1E7A4F7556}") = "Common", "Common\Common.csproj", "{80A53083-EB93-42B0-B1E9-430A81FD1A05}"
EndProject
Project("{9A19103F-16F7-4668-BE54-9A1E7A4F7556}") = "MessageHandler", "MessageHandler\MessageHandler.csproj", "{2B92E60F-60CE-4CD2-BF93-A982E41BD154}"
EndProject
Project("{9A19103F-16F7-4668-BE54-9A1E7A4F7556}") = "MessageUploader", "MessageUploader\MessageUploader.csproj", "{06CF3C85-BFA6-4F66-86B1-4F80CCD7FED4}"
EndProject
Project("{9A19103F-16F7-4668-BE54-9A1E7A4F7556}") = "PersonInstanceGenerator", "PersonInstanceGenerator\PersonInstanceGenerator.csproj", "{6AD1FE92-1BEB-42A5-BD92-463D439C9365}"
EndProject
Project("{9A19103F-16F7-4668-BE54-9A1E7A4F7556}") = "QidoFunctionApp", "QidoFunctionApp\QidoFunctionApp.csproj", "{2664346A-81E9-4132-9754-464E3DF99639}"
EndProject
Project("{9A19103F-16F7-4668-BE54-9A1E7A4F7556}") = "QidoQueryGenerator", "QidoQueryGenerator\QidoQueryGenerator.csproj", "{1FA0AE46-0E9E-4FB8-886E-7221B6C9A44B}"
EndProject
Project("{9A19103F-16F7-4668-BE54-9A1E7A4F7556}") = "RetrieveBlobNames", "RetrieveBlobNames\RetrieveBlobNames.csproj", "{9A6744A6-0D76-4F1F-8D17-11EE9DF13C7D}"
EndProject
Project("{9A19103F-16F7-4668-BE54-9A1E7A4F7556}") = "StowFunctionApp", "StowFunctionApp\StowFunctionApp.csproj", "{7E106A24-C8B8-479C-8CC2-60AD67BE3FEE}"
EndProject
Project("{9A19103F-16F7-4668-BE54-9A1E7A4F7556}") = "WadoFunctionApp", "WadoFunctionApp\WadoFunctionApp.csproj", "{D17E5016-E12A-44E6-9601-2122203E4C3C}"
EndProject
Project("{9A19103F-16F7-4668-BE54-9A1E7A4F7556}") = "WadoMetadataFunctionApp", "WadoMetadataFunctionApp\WadoMetadataFunctionApp.csproj", "{77EF4558-04CB-48B5-9338-32155FBB42AF}"
EndProject
Project("{9A19103F-16F7-4668-BE54-9A1E7A4F7556}") = "Microsoft.Health.Dicom.Client", "..\..\src\Microsoft.Health.Dicom.Client\Microsoft.Health.Dicom.Client.csproj", "{400F6200-8F9E-43A5-85AE-669B4E89D2FA}"
EndProject
Project("{2150E333-8FDC-42A3-9474-1A3956D46DE8}") = "Forks", "Forks", "{7B6DF4B2-A4B2-498F-BB5B-D77A0CD5EE21}"
EndProject
Project("{9A19103F-16F7-4668-BE54-9A1E7A4F7556}") = "Microsoft.Health.FellowOakDicom.Serialization", "..\..\fork\Microsoft.Health.FellowOakDicom.Serialization\Microsoft.Health.FellowOakDicom.Serialization.csproj", "{D9453ECD-BE8F-41CF-A5F0-6098C03C8CBD}"
EndProject
Global
	GlobalSection(SolutionConfigurationPlatforms) = preSolution
		Debug|x64 = Debug|x64
		Release|x64 = Release|x64
	EndGlobalSection
	GlobalSection(ProjectConfigurationPlatforms) = postSolution
		{80A53083-EB93-42B0-B1E9-430A81FD1A05}.Debug|x64.ActiveCfg = Debug|x64
		{80A53083-EB93-42B0-B1E9-430A81FD1A05}.Debug|x64.Build.0 = Debug|x64
		{80A53083-EB93-42B0-B1E9-430A81FD1A05}.Release|x64.ActiveCfg = Release|x64
		{80A53083-EB93-42B0-B1E9-430A81FD1A05}.Release|x64.Build.0 = Release|x64
		{2B92E60F-60CE-4CD2-BF93-A982E41BD154}.Debug|x64.ActiveCfg = Debug|x64
		{2B92E60F-60CE-4CD2-BF93-A982E41BD154}.Debug|x64.Build.0 = Debug|x64
		{2B92E60F-60CE-4CD2-BF93-A982E41BD154}.Release|x64.ActiveCfg = Release|x64
		{2B92E60F-60CE-4CD2-BF93-A982E41BD154}.Release|x64.Build.0 = Release|x64
		{06CF3C85-BFA6-4F66-86B1-4F80CCD7FED4}.Debug|x64.ActiveCfg = Debug|x64
		{06CF3C85-BFA6-4F66-86B1-4F80CCD7FED4}.Debug|x64.Build.0 = Debug|x64
		{06CF3C85-BFA6-4F66-86B1-4F80CCD7FED4}.Release|x64.ActiveCfg = Release|x64
		{06CF3C85-BFA6-4F66-86B1-4F80CCD7FED4}.Release|x64.Build.0 = Release|x64
		{6AD1FE92-1BEB-42A5-BD92-463D439C9365}.Debug|x64.ActiveCfg = Debug|x64
		{6AD1FE92-1BEB-42A5-BD92-463D439C9365}.Debug|x64.Build.0 = Debug|x64
		{6AD1FE92-1BEB-42A5-BD92-463D439C9365}.Release|x64.ActiveCfg = Release|x64
		{6AD1FE92-1BEB-42A5-BD92-463D439C9365}.Release|x64.Build.0 = Release|x64
		{2664346A-81E9-4132-9754-464E3DF99639}.Debug|x64.ActiveCfg = Debug|x64
		{2664346A-81E9-4132-9754-464E3DF99639}.Debug|x64.Build.0 = Debug|x64
		{2664346A-81E9-4132-9754-464E3DF99639}.Release|x64.ActiveCfg = Release|x64
		{2664346A-81E9-4132-9754-464E3DF99639}.Release|x64.Build.0 = Release|x64
		{1FA0AE46-0E9E-4FB8-886E-7221B6C9A44B}.Debug|x64.ActiveCfg = Debug|x64
		{1FA0AE46-0E9E-4FB8-886E-7221B6C9A44B}.Debug|x64.Build.0 = Debug|x64
		{1FA0AE46-0E9E-4FB8-886E-7221B6C9A44B}.Release|x64.ActiveCfg = Release|x64
		{1FA0AE46-0E9E-4FB8-886E-7221B6C9A44B}.Release|x64.Build.0 = Release|x64
		{9A6744A6-0D76-4F1F-8D17-11EE9DF13C7D}.Debug|x64.ActiveCfg = Debug|x64
		{9A6744A6-0D76-4F1F-8D17-11EE9DF13C7D}.Debug|x64.Build.0 = Debug|x64
		{9A6744A6-0D76-4F1F-8D17-11EE9DF13C7D}.Release|x64.ActiveCfg = Release|x64
		{9A6744A6-0D76-4F1F-8D17-11EE9DF13C7D}.Release|x64.Build.0 = Release|x64
		{7E106A24-C8B8-479C-8CC2-60AD67BE3FEE}.Debug|x64.ActiveCfg = Debug|x64
		{7E106A24-C8B8-479C-8CC2-60AD67BE3FEE}.Debug|x64.Build.0 = Debug|x64
		{7E106A24-C8B8-479C-8CC2-60AD67BE3FEE}.Release|x64.ActiveCfg = Release|x64
		{7E106A24-C8B8-479C-8CC2-60AD67BE3FEE}.Release|x64.Build.0 = Release|x64
		{D17E5016-E12A-44E6-9601-2122203E4C3C}.Debug|x64.ActiveCfg = Debug|x64
		{D17E5016-E12A-44E6-9601-2122203E4C3C}.Debug|x64.Build.0 = Debug|x64
		{D17E5016-E12A-44E6-9601-2122203E4C3C}.Release|x64.ActiveCfg = Release|x64
		{D17E5016-E12A-44E6-9601-2122203E4C3C}.Release|x64.Build.0 = Release|x64
		{77EF4558-04CB-48B5-9338-32155FBB42AF}.Debug|x64.ActiveCfg = Debug|x64
		{77EF4558-04CB-48B5-9338-32155FBB42AF}.Debug|x64.Build.0 = Debug|x64
		{77EF4558-04CB-48B5-9338-32155FBB42AF}.Release|x64.ActiveCfg = Release|x64
		{77EF4558-04CB-48B5-9338-32155FBB42AF}.Release|x64.Build.0 = Release|x64
		{400F6200-8F9E-43A5-85AE-669B4E89D2FA}.Debug|x64.ActiveCfg = Debug|x64
		{400F6200-8F9E-43A5-85AE-669B4E89D2FA}.Debug|x64.Build.0 = Debug|x64
		{400F6200-8F9E-43A5-85AE-669B4E89D2FA}.Release|x64.ActiveCfg = Release|x64
		{400F6200-8F9E-43A5-85AE-669B4E89D2FA}.Release|x64.Build.0 = Release|x64
		{D9453ECD-BE8F-41CF-A5F0-6098C03C8CBD}.Debug|x64.ActiveCfg = Debug|x64
		{D9453ECD-BE8F-41CF-A5F0-6098C03C8CBD}.Debug|x64.Build.0 = Debug|x64
		{D9453ECD-BE8F-41CF-A5F0-6098C03C8CBD}.Release|x64.ActiveCfg = Release|x64
		{D9453ECD-BE8F-41CF-A5F0-6098C03C8CBD}.Release|x64.Build.0 = Release|x64
	EndGlobalSection
	GlobalSection(SolutionProperties) = preSolution
		HideSolutionNode = FALSE
	EndGlobalSection
	GlobalSection(NestedProjects) = preSolution
		{D9453ECD-BE8F-41CF-A5F0-6098C03C8CBD} = {7B6DF4B2-A4B2-498F-BB5B-D77A0CD5EE21}
	EndGlobalSection
	GlobalSection(ExtensibilityGlobals) = postSolution
		SolutionGuid = {6455060E-D6DF-4528-8817-C7311959127D}
	EndGlobalSection
EndGlobal
