
Microsoft Visual Studio Solution File, Format Version 12.00
# Visual Studio Version 16
VisualStudioVersion = 16.0.29920.165
MinimumVisualStudioVersion = 10.0.40219.1
Project("{9A19103F-16F7-4668-BE54-9A1E7A4F7556}") = "Microsoft.Health.Dicom.Tools.ScaleTesting.PersonInstanceGenerator", "Microsoft.Health.Dicom.Tools.ScaleTesting.PersonInstanceGenerator.csproj", "{6AD1FE92-1BEB-42A5-BD92-463D439C9365}"
EndProject
Global
	GlobalSection(SolutionConfigurationPlatforms) = preSolution
		Debug|Any CPU = Debug|Any CPU
		Release|Any CPU = Release|Any CPU
	EndGlobalSection
	GlobalSection(ProjectConfigurationPlatforms) = postSolution
		{6AD1FE92-1BEB-42A5-BD92-463D439C9365}.Debug|Any CPU.ActiveCfg = Debug|Any CPU
		{6AD1FE92-1BEB-42A5-BD92-463D439C9365}.Debug|Any CPU.Build.0 = Debug|Any CPU
		{6AD1FE92-1BEB-42A5-BD92-463D439C9365}.Release|Any CPU.ActiveCfg = Release|Any CPU
		{6AD1FE92-1BEB-42A5-BD92-463D439C9365}.Release|Any CPU.Build.0 = Release|Any CPU
	EndGlobalSection
	GlobalSection(SolutionProperties) = preSolution
		HideSolutionNode = FALSE
	EndGlobalSection
	GlobalSection(ExtensibilityGlobals) = postSolution
		SolutionGuid = {AE4CF834-B436-49B7-96A0-513824C7C3C4}
	EndGlobalSection
EndGlobal
