
Microsoft Visual Studio Solution File, Format Version 12.00
# Visual Studio Version 16
VisualStudioVersion = 16.0.29920.165
MinimumVisualStudioVersion = 10.0.40219.1
Project("{9A19103F-16F7-4668-BE54-9A1E7A4F7556}") = "Microsoft.Health.Dicom.Tools.ScaleTesting.QidoQueryGenerator", "Microsoft.Health.Dicom.Tools.ScaleTesting.QidoQueryGenerator.csproj", "{1FA0AE46-0E9E-4FB8-886E-7221B6C9A44B}"
EndProject
Global
	GlobalSection(SolutionConfigurationPlatforms) = preSolution
		Debug|Any CPU = Debug|Any CPU
		Release|Any CPU = Release|Any CPU
	EndGlobalSection
	GlobalSection(ProjectConfigurationPlatforms) = postSolution
		{1FA0AE46-0E9E-4FB8-886E-7221B6C9A44B}.Debug|Any CPU.ActiveCfg = Debug|Any CPU
		{1FA0AE46-0E9E-4FB8-886E-7221B6C9A44B}.Debug|Any CPU.Build.0 = Debug|Any CPU
		{1FA0AE46-0E9E-4FB8-886E-7221B6C9A44B}.Release|Any CPU.ActiveCfg = Release|Any CPU
		{1FA0AE46-0E9E-4FB8-886E-7221B6C9A44B}.Release|Any CPU.Build.0 = Release|Any CPU
	EndGlobalSection
	GlobalSection(SolutionProperties) = preSolution
		HideSolutionNode = FALSE
	EndGlobalSection
	GlobalSection(ExtensibilityGlobals) = postSolution
		SolutionGuid = {1E7A8FE8-148A-4951-A2CC-147B47C4AAED}
	EndGlobalSection
EndGlobal
