
Microsoft Visual Studio Solution File, Format Version 12.00
# Visual Studio Version 16
VisualStudioVersion = 16.0.29920.165
MinimumVisualStudioVersion = 10.0.40219.1
Project("{9A19103F-16F7-4668-BE54-9A1E7A4F7556}") = "Microsoft.Health.Dicom.Tools.ScaleTesting.QidoFunctionApp", "Microsoft.Health.Dicom.Tools.ScaleTesting.QidoFunctionApp.csproj", "{2664346A-81E9-4132-9754-464E3DF99639}"
EndProject
Global
	GlobalSection(SolutionConfigurationPlatforms) = preSolution
		Debug|Any CPU = Debug|Any CPU
		Release|Any CPU = Release|Any CPU
	EndGlobalSection
	GlobalSection(ProjectConfigurationPlatforms) = postSolution
		{2664346A-81E9-4132-9754-464E3DF99639}.Debug|Any CPU.ActiveCfg = Debug|Any CPU
		{2664346A-81E9-4132-9754-464E3DF99639}.Debug|Any CPU.Build.0 = Debug|Any CPU
		{2664346A-81E9-4132-9754-464E3DF99639}.Release|Any CPU.ActiveCfg = Release|Any CPU
		{2664346A-81E9-4132-9754-464E3DF99639}.Release|Any CPU.Build.0 = Release|Any CPU
	EndGlobalSection
	GlobalSection(SolutionProperties) = preSolution
		HideSolutionNode = FALSE
	EndGlobalSection
	GlobalSection(ExtensibilityGlobals) = postSolution
		SolutionGuid = {262D040C-575B-43D1-9BF4-A70D1699BB7C}
	EndGlobalSection
EndGlobal
