
Microsoft Visual Studio Solution File, Format Version 12.00
# Visual Studio Version 16
VisualStudioVersion = 16.0.29920.165
MinimumVisualStudioVersion = 10.0.40219.1
Project("{9A19103F-16F7-4668-BE54-9A1E7A4F7556}") = "Microsoft.Health.Dicom.Tools.ScaleTesting.WadoMetadataFunctionApp", "Microsoft.Health.Dicom.Tools.ScaleTesting.WadoMetadataFunctionApp.csproj", "{77EF4558-04CB-48B5-9338-32155FBB42AF}"
EndProject
Global
	GlobalSection(SolutionConfigurationPlatforms) = preSolution
		Debug|Any CPU = Debug|Any CPU
		Release|Any CPU = Release|Any CPU
	EndGlobalSection
	GlobalSection(ProjectConfigurationPlatforms) = postSolution
		{77EF4558-04CB-48B5-9338-32155FBB42AF}.Debug|Any CPU.ActiveCfg = Debug|Any CPU
		{77EF4558-04CB-48B5-9338-32155FBB42AF}.Debug|Any CPU.Build.0 = Debug|Any CPU
		{77EF4558-04CB-48B5-9338-32155FBB42AF}.Release|Any CPU.ActiveCfg = Release|Any CPU
		{77EF4558-04CB-48B5-9338-32155FBB42AF}.Release|Any CPU.Build.0 = Release|Any CPU
	EndGlobalSection
	GlobalSection(SolutionProperties) = preSolution
		HideSolutionNode = FALSE
	EndGlobalSection
	GlobalSection(ExtensibilityGlobals) = postSolution
		SolutionGuid = {6455060E-D6DF-4528-8817-C7311959127D}
	EndGlobalSection
EndGlobal
