
Microsoft Visual Studio Solution File, Format Version 12.00
# Visual Studio Version 16
VisualStudioVersion = 16.0.29920.165
MinimumVisualStudioVersion = 10.0.40219.1
Project("{9A19103F-16F7-4668-BE54-9A1E7A4F7556}") = "Microsoft.Health.Dicom.Tools.ScaleTesting.RetrieveBlobNames", "Microsoft.Health.Dicom.Tools.ScaleTesting.RetrieveBlobNames.csproj", "{9A6744A6-0D76-4F1F-8D17-11EE9DF13C7D}"
EndProject
Global
	GlobalSection(SolutionConfigurationPlatforms) = preSolution
		Debug|Any CPU = Debug|Any CPU
		Release|Any CPU = Release|Any CPU
	EndGlobalSection
	GlobalSection(ProjectConfigurationPlatforms) = postSolution
		{9A6744A6-0D76-4F1F-8D17-11EE9DF13C7D}.Debug|Any CPU.ActiveCfg = Debug|Any CPU
		{9A6744A6-0D76-4F1F-8D17-11EE9DF13C7D}.Debug|Any CPU.Build.0 = Debug|Any CPU
		{9A6744A6-0D76-4F1F-8D17-11EE9DF13C7D}.Release|Any CPU.ActiveCfg = Release|Any CPU
		{9A6744A6-0D76-4F1F-8D17-11EE9DF13C7D}.Release|Any CPU.Build.0 = Release|Any CPU
	EndGlobalSection
	GlobalSection(SolutionProperties) = preSolution
		HideSolutionNode = FALSE
	EndGlobalSection
	GlobalSection(ExtensibilityGlobals) = postSolution
		SolutionGuid = {9E5A4DE4-FE33-46A5-A781-D8C089A1DECD}
	EndGlobalSection
EndGlobal
