
Microsoft Visual Studio Solution File, Format Version 12.00
# Visual Studio Version 16
VisualStudioVersion = 16.0.29920.165
MinimumVisualStudioVersion = 10.0.40219.1
Project("{9A19103F-16F7-4668-BE54-9A1E7A4F7556}") = "Microsoft.Health.Dicom.Tools.ScaleTesting.StowFunctionApp", "Microsoft.Health.Dicom.Tools.ScaleTesting.StowFunctionApp.csproj", "{7E106A24-C8B8-479C-8CC2-60AD67BE3FEE}"
EndProject
Global
	GlobalSection(SolutionConfigurationPlatforms) = preSolution
		Debug|Any CPU = Debug|Any CPU
		Release|Any CPU = Release|Any CPU
	EndGlobalSection
	GlobalSection(ProjectConfigurationPlatforms) = postSolution
		{7E106A24-C8B8-479C-8CC2-60AD67BE3FEE}.Debug|Any CPU.ActiveCfg = Debug|Any CPU
		{7E106A24-C8B8-479C-8CC2-60AD67BE3FEE}.Debug|Any CPU.Build.0 = Debug|Any CPU
		{7E106A24-C8B8-479C-8CC2-60AD67BE3FEE}.Release|Any CPU.ActiveCfg = Release|Any CPU
		{7E106A24-C8B8-479C-8CC2-60AD67BE3FEE}.Release|Any CPU.Build.0 = Release|Any CPU
	EndGlobalSection
	GlobalSection(SolutionProperties) = preSolution
		HideSolutionNode = FALSE
	EndGlobalSection
	GlobalSection(ExtensibilityGlobals) = postSolution
		SolutionGuid = {62065962-F2B5-40A8-9C0B-D36927F9F6CC}
	EndGlobalSection
EndGlobal
