
Microsoft Visual Studio Solution File, Format Version 12.00
Project("{FAE04EC0-301F-11D3-BF4B-00C04F79EFBC}") = "DicomImageGeneratorCli", "DicomImageGeneratorCli.csproj", "{6B5F1ED7-4764-4F79-8253-CA854DD6B604}"
EndProject
Global
	GlobalSection(SolutionConfigurationPlatforms) = preSolution
		Debug|x64 = Debug|x64
		Release|x64 = Release|x64
	EndGlobalSection
	GlobalSection(ProjectConfigurationPlatforms) = postSolution
		{6B5F1ED7-4764-4F79-8253-CA854DD6B604}.Debug|x64.ActiveCfg = Debug|x64
		{6B5F1ED7-4764-4F79-8253-CA854DD6B604}.Debug|x64.Build.0 = Debug|x64
		{6B5F1ED7-4764-4F79-8253-CA854DD6B604}.Release|x64.ActiveCfg = Release|x64
		{6B5F1ED7-4764-4F79-8253-CA854DD6B604}.Release|x64.Build.0 = Release|x64
	EndGlobalSection
EndGlobal
