
Microsoft Visual Studio Solution File, Format Version 12.00
# Visual Studio Version 17
VisualStudioVersion = 17.2.32505.173
MinimumVisualStudioVersion = 10.0.40219.1
Project("{9A19103F-16F7-4668-BE54-9A1E7A4F7556}") = "Microsoft.Health.Web.Dicom.Tool", "Microsoft.Health.Web.Dicom.Tool.csproj", "{FD5481F9-E9AE-498B-A3AD-901D17B44E02}"
EndProject
Project("{9A19103F-16F7-4668-BE54-9A1E7A4F7556}") = "Microsoft.Health.Dicom.Client", "..\..\..\src\Microsoft.Health.Dicom.Client\Microsoft.Health.Dicom.Client.csproj", "{F534A1AD-5181-41B0-A89C-B28B46E77641}"
EndProject
Project("{9A19103F-16F7-4668-BE54-9A1E7A4F7556}") = "Microsoft.Health.FellowOakDicom", "..\..\..\forks\Microsoft.Health.FellowOakDicom\Microsoft.Health.FellowOakDicom.csproj", "{BB9ABA00-A591-49E0-A2CE-CEED514B3FB1}"
EndProject
Global
	GlobalSection(SolutionConfigurationPlatforms) = preSolution
		Debug|x64 = Debug|x64
		Release|x64 = Release|x64
	EndGlobalSection
	GlobalSection(ProjectConfigurationPlatforms) = postSolution
		{FD5481F9-E9AE-498B-A3AD-901D17B44E02}.Debug|x64.ActiveCfg = Debug|x64
		{FD5481F9-E9AE-498B-A3AD-901D17B44E02}.Debug|x64.Build.0 = Debug|x64
		{FD5481F9-E9AE-498B-A3AD-901D17B44E02}.Release|x64.ActiveCfg = Release|x64
		{FD5481F9-E9AE-498B-A3AD-901D17B44E02}.Release|x64.Build.0 = Release|x64
		{F534A1AD-5181-41B0-A89C-B28B46E77641}.Debug|x64.ActiveCfg = Debug|x64
		{F534A1AD-5181-41B0-A89C-B28B46E77641}.Debug|x64.Build.0 = Debug|x64
		{F534A1AD-5181-41B0-A89C-B28B46E77641}.Release|x64.ActiveCfg = Release|x64
		{F534A1AD-5181-41B0-A89C-B28B46E77641}.Release|x64.Build.0 = Release|x64
		{BB9ABA00-A591-49E0-A2CE-CEED514B3FB1}.Debug|x64.ActiveCfg = Debug|x64
		{BB9ABA00-A591-49E0-A2CE-CEED514B3FB1}.Debug|x64.Build.0 = Debug|x64
		{BB9ABA00-A591-49E0-A2CE-CEED514B3FB1}.Release|x64.ActiveCfg = Release|x64
		{BB9ABA00-A591-49E0-A2CE-CEED514B3FB1}.Release|x64.Build.0 = Release|x64
	EndGlobalSection
	GlobalSection(SolutionProperties) = preSolution
		HideSolutionNode = FALSE
	EndGlobalSection
	GlobalSection(ExtensibilityGlobals) = postSolution
		SolutionGuid = {C565C52C-7840-4403-B06F-D85247B28143}
	EndGlobalSection
EndGlobal
