
Microsoft Visual Studio Solution File, Format Version 12.00
# Visual Studio Version 16
VisualStudioVersion = 16.0.29920.165
MinimumVisualStudioVersion = 10.0.40219.1
Project("{9A19103F-16F7-4668-BE54-9A1E7A4F7556}") = "Microsoft.Health.Dicom.Tools.ScaleTesting.MessageHandler", "Microsoft.Health.Dicom.Tools.ScaleTesting.MessageHandler.csproj", "{2B92E60F-60CE-4CD2-BF93-A982E41BD154}"
EndProject
Global
	GlobalSection(SolutionConfigurationPlatforms) = preSolution
		Debug|Any CPU = Debug|Any CPU
		Release|Any CPU = Release|Any CPU
	EndGlobalSection
	GlobalSection(ProjectConfigurationPlatforms) = postSolution
		{2B92E60F-60CE-4CD2-BF93-A982E41BD154}.Debug|Any CPU.ActiveCfg = Debug|Any CPU
		{2B92E60F-60CE-4CD2-BF93-A982E41BD154}.Debug|Any CPU.Build.0 = Debug|Any CPU
		{2B92E60F-60CE-4CD2-BF93-A982E41BD154}.Release|Any CPU.ActiveCfg = Release|Any CPU
		{2B92E60F-60CE-4CD2-BF93-A982E41BD154}.Release|Any CPU.Build.0 = Release|Any CPU
	EndGlobalSection
	GlobalSection(SolutionProperties) = preSolution
		HideSolutionNode = FALSE
	EndGlobalSection
	GlobalSection(ExtensibilityGlobals) = postSolution
		SolutionGuid = {7C0E4BEC-2E35-4606-9CE0-FCE071AE1436}
	EndGlobalSection
EndGlobal
