
Microsoft Visual Studio Solution File, Format Version 12.00
# Visual Studio Version 17
VisualStudioVersion = 17.2.32616.157
MinimumVisualStudioVersion = 10.0.40219.1
Project("{2150E333-8FDC-42A3-9474-1A3956D46DE8}") = "Solution Items", "Solution Items", "{DEFA07CF-9521-4B86-88CC-5CB45E1FEB32}"
	ProjectSection(SolutionItems) = preProject
		..\..\.editorconfig = ..\..\.editorconfig
		..\..\.globalconfig = ..\..\.globalconfig
		..\..\Directory.Build.props = ..\..\Directory.Build.props
		..\..\Directory.Packages.props = ..\..\Directory.Packages.props
		..\..\GitVersion.yml = ..\..\GitVersion.yml
		..\..\global.json = ..\..\global.json
	EndProjectSection
EndProject
Project("{9A19103F-16F7-4668-BE54-9A1E7A4F7556}") = "DicomUploaderFunction", "src\DicomUploaderFunction\DicomUploaderFunction.csproj", "{2B900BAE-4BB8-4105-9AD2-C2F755E842F8}"
EndProject
Project("{9A19103F-16F7-4668-BE54-9A1E7A4F7556}") = "Microsoft.Health.Dicom.Client", "..\..\src\Microsoft.Health.Dicom.Client\Microsoft.Health.Dicom.Client.csproj", "{547F1380-C686-4305-BEC4-4ABDFB486346}"
EndProject
Project("{9A19103F-16F7-4668-BE54-9A1E7A4F7556}") = "Microsoft.Health.FellowOakDicom", "..\..\forks\Microsoft.Health.FellowOakDicom\Microsoft.Health.FellowOakDicom.csproj", "{E5AA6E4B-6AA4-428D-8999-36C85F9FC6FE}"
EndProject
Global
	GlobalSection(SolutionConfigurationPlatforms) = preSolution
		Debug|Any CPU = Debug|Any CPU
		Debug|x64 = Debug|x64
		Release|Any CPU = Release|Any CPU
		Release|x64 = Release|x64
	EndGlobalSection
	GlobalSection(ProjectConfigurationPlatforms) = postSolution
		{2B900BAE-4BB8-4105-9AD2-C2F755E842F8}.Debug|Any CPU.ActiveCfg = Debug|x64
		{2B900BAE-4BB8-4105-9AD2-C2F755E842F8}.Debug|Any CPU.Build.0 = Debug|x64
		{2B900BAE-4BB8-4105-9AD2-C2F755E842F8}.Debug|x64.ActiveCfg = Debug|x64
		{2B900BAE-4BB8-4105-9AD2-C2F755E842F8}.Debug|x64.Build.0 = Debug|x64
		{2B900BAE-4BB8-4105-9AD2-C2F755E842F8}.Release|Any CPU.ActiveCfg = Release|x64
		{2B900BAE-4BB8-4105-9AD2-C2F755E842F8}.Release|Any CPU.Build.0 = Release|x64
		{2B900BAE-4BB8-4105-9AD2-C2F755E842F8}.Release|x64.ActiveCfg = Release|x64
		{2B900BAE-4BB8-4105-9AD2-C2F755E842F8}.Release|x64.Build.0 = Release|x64
		{547F1380-C686-4305-BEC4-4ABDFB486346}.Debug|Any CPU.ActiveCfg = Debug|x64
		{547F1380-C686-4305-BEC4-4ABDFB486346}.Debug|Any CPU.Build.0 = Debug|x64
		{547F1380-C686-4305-BEC4-4ABDFB486346}.Debug|x64.ActiveCfg = Debug|x64
		{547F1380-C686-4305-BEC4-4ABDFB486346}.Debug|x64.Build.0 = Debug|x64
		{547F1380-C686-4305-BEC4-4ABDFB486346}.Release|Any CPU.ActiveCfg = Release|x64
		{547F1380-C686-4305-BEC4-4ABDFB486346}.Release|Any CPU.Build.0 = Release|x64
		{547F1380-C686-4305-BEC4-4ABDFB486346}.Release|x64.ActiveCfg = Release|x64
		{547F1380-C686-4305-BEC4-4ABDFB486346}.Release|x64.Build.0 = Release|x64
		{E5AA6E4B-6AA4-428D-8999-36C85F9FC6FE}.Debug|Any CPU.ActiveCfg = Debug|x64
		{E5AA6E4B-6AA4-428D-8999-36C85F9FC6FE}.Debug|Any CPU.Build.0 = Debug|x64
		{E5AA6E4B-6AA4-428D-8999-36C85F9FC6FE}.Debug|x64.ActiveCfg = Debug|x64
		{E5AA6E4B-6AA4-428D-8999-36C85F9FC6FE}.Debug|x64.Build.0 = Debug|x64
		{E5AA6E4B-6AA4-428D-8999-36C85F9FC6FE}.Release|Any CPU.ActiveCfg = Release|x64
		{E5AA6E4B-6AA4-428D-8999-36C85F9FC6FE}.Release|Any CPU.Build.0 = Release|x64
		{E5AA6E4B-6AA4-428D-8999-36C85F9FC6FE}.Release|x64.ActiveCfg = Release|x64
		{E5AA6E4B-6AA4-428D-8999-36C85F9FC6FE}.Release|x64.Build.0 = Release|x64
	EndGlobalSection
	GlobalSection(SolutionProperties) = preSolution
		HideSolutionNode = FALSE
	EndGlobalSection
	GlobalSection(ExtensibilityGlobals) = postSolution
		SolutionGuid = {664F246B-6929-4D30-8DC4-F296CCF8D577}
	EndGlobalSection
EndGlobal
